
Microsoft Visual Studio Solution File, Format Version 12.00
# Visual Studio 15
VisualStudioVersion = 15.0.27130.2010
MinimumVisualStudioVersion = 10.0.40219.1
Project("{9A19103F-16F7-4668-BE54-9A1E7A4F7556}") = "ConsoleGraphQLCore", "..\ConsoleGraphQLCore\ConsoleGraphQLCore\ConsoleGraphQLCore.csproj", "{6458C6FF-66F6-4577-8B90-74F3082C2AE1}"
EndProject
Project("{FAE04EC0-301F-11D3-BF4B-00C04F79EFBC}") = "GfraphQLCoreWithRestSharp", "GfraphQLCoreWithRestSharp\GfraphQLCoreWithRestSharp.csproj", "{2DD81BE4-D983-4D04-AB3D-C181F8562611}"
EndProject
Global
	GlobalSection(SolutionConfigurationPlatforms) = preSolution
		Debug|Any CPU = Debug|Any CPU
		Release|Any CPU = Release|Any CPU
	EndGlobalSection
	GlobalSection(ProjectConfigurationPlatforms) = postSolution
		{6458C6FF-66F6-4577-8B90-74F3082C2AE1}.Debug|Any CPU.ActiveCfg = Debug|Any CPU
		{6458C6FF-66F6-4577-8B90-74F3082C2AE1}.Debug|Any CPU.Build.0 = Debug|Any CPU
		{6458C6FF-66F6-4577-8B90-74F3082C2AE1}.Release|Any CPU.ActiveCfg = Release|Any CPU
		{6458C6FF-66F6-4577-8B90-74F3082C2AE1}.Release|Any CPU.Build.0 = Release|Any CPU
		{2DD81BE4-D983-4D04-AB3D-C181F8562611}.Debug|Any CPU.ActiveCfg = Debug|Any CPU
		{2DD81BE4-D983-4D04-AB3D-C181F8562611}.Debug|Any CPU.Build.0 = Debug|Any CPU
		{2DD81BE4-D983-4D04-AB3D-C181F8562611}.Release|Any CPU.ActiveCfg = Release|Any CPU
		{2DD81BE4-D983-4D04-AB3D-C181F8562611}.Release|Any CPU.Build.0 = Release|Any CPU
	EndGlobalSection
	GlobalSection(SolutionProperties) = preSolution
		HideSolutionNode = FALSE
	EndGlobalSection
	GlobalSection(ExtensibilityGlobals) = postSolution
		SolutionGuid = {FEE55996-488A-4008-B180-C522C3FAF3E5}
	EndGlobalSection
EndGlobal
